cloud.google.com/go v0.23.0 h1:w1svupRqvZnfjN9+KksMiggoIRQuMzWkVzpxcR96xDs=
cloud.google.com/go v0.23.0/go.mod h1:aQUYkXzVsufM+DwF1aE+0xfcU+56JwCaLick0ClmMTw=
github.com/MichaelS11/go-cql-driver v0.0.0-20180531180346-5c0274c0ad62 h1:fx4lfz583fzy5NdqeTcFi1ZPPBoTZA0NCE0xTpp454s=
github.com/MichaelS11/go-cql-driver v0.0.0-20180531180346-5c0274c0ad62/go.mod h1:nW8K1gl1mu8o29Ns1Sv/EvYe9BBrh1T/GqucnYcO9PI=
github.com/SAP/go-hdb v0.12.0 h1:5hBQZ2jjyZ268qjDmoDZJuCyLzR6oRLI60eYzmTW9m4=
github.com/SAP/go-hdb v0.12.0/go.mod h1:etBT+FAi1t5k3K3tf5vQTnosgYmhDkRi8jEnQqCnxF0=
github.com/VoltDB/voltdb-client-go v1.0.1 h1:85ZcykHS0goztdAVOCo36NeMFGdU08/x7E+nQI8kH0I=
github.com/VoltDB/voltdb-client-go v1.0.1/go.mod h1:FSuyUyPbMimaMJ9DItBzhVzjFj5S4XHcEISlKEnFZ5Q=
github.com/alecthomas/assert v0.0.0-20170929043011-405dbfeb8e38 h1:smF2tmSOzy2Mm+0dGI2AIUHY+w0BUc+4tn40djz7+6U=
github.com/alecthomas/assert v0.0.0-20170929043011-405dbfeb8e38/go.mod h1:r7bzyVFMNntcxPZXK3/+KdruV1H5KSlyVY0gc+NgInI=
github.com/alecthomas/chroma v0.0.0-20180612023532-d7b2ed20a498 h1:T628zdGlqQuV028CZVJx4tWHXA/hRli0yJeOZQaLLls=
github.com/alecthomas/chroma v0.0.0-20180612023532-d7b2ed20a498/go.mod h1:MmozekIi2rfQSzDcdEZ2BoJ9Pxs/7uc2Y4Boh+hIeZo=
github.com/alecthomas/colour v0.0.0-20160524082231-60882d9e2721 h1:JHZL0hZKJ1VENNfmXvHbgYlbUOvpzYzvy2aZU5gXVeo=
github.com/alecthomas/colour v0.0.0-20160524082231-60882d9e2721/go.mod h1:QO9JBoKquHd+jz9nshCh40fOfO+JzsoXy8qTHF68zU0=
github.com/alecthomas/repr v0.0.0-20180318094337-07932d32eb40 h1:Kcc1GlkfjrlD8jn3G6ZPh9OE6mGDYE+aEThY9SgSy4g=
github.com/alecthomas/repr v0.0.0-20180318094337-07932d32eb40/go.mod h1:xTS7Pm1pD1mvyM075QCDSRqH6qRLXylzS24ZTpRiSzQ=
github.com/alexbrainman/odbc v0.0.0-20180530121416-fd59e65aa0cc h1:kEpmt+EMYBqgW2LXs2jgHmG7fJLbccpLevfOZEqfAmA=
github.com/alexbrainman/odbc v0.0.0-20180530121416-fd59e65aa0cc/go.mod h1:JFyGMphCGBCWdWj1xd43t1yv/llBHSNFBqBo5Sc5zvU=
github.com/alexflint/go-arg v0.0.0-20180516182405-f7c0423bd11e h1:dzrBxLIjiq17Da9DhY3svGRhptiUg1LUzdkOuFYjAzA=
github.com/alexflint/go-arg v0.0.0-20180516182405-f7c0423bd11e/go.mod h1:PHxo6ZWOLVMZZgWSAqBynb/KhIqoGO6WKwOVX7rM9dg=
github.com/alexflint/go-scalar v0.0.0-20170216020425-e80c3b7ed292 h1:0YTMOir1UPjebSvNmIrEKO9FFd+RZc1wwZHUrxfn4BI=
github.com/alexflint/go-scalar v0.0.0-20170216020425-e80c3b7ed292/go.mod h1:dgifnFPveotJNpwJdl1hDPu5vSuqVVUPIr3isfcvgBA=
github.com/apache/calcite-avatica-go v0.0.0-20180529084656-24bae0c8efd0 h1:ctBnyBLI+HswRuNw/3zQX4s+moWPnV6j16uO8Q+SsII=
github.com/apache/calcite-avatica-go v0.0.0-20180529084656-24bae0c8efd0/go.mod h1:59/gBt2tv0uPvjYIlkdXkOgkD0w/6JGZEQiqt+97ang=
github.com/bitly/go-hostpool v0.0.0-20171023180738-a3a6125de932 h1:mXoPYz/Ul5HYEDvkta6I8/rnYM5gSdSV2tJ6XbZuEtY=
github.com/bitly/go-hostpool v0.0.0-20171023180738-a3a6125de932/go.mod h1:NOuUCSz6Q9T7+igc/hlvDOUdtWKryOrtFyIVABv/p7k=
github.com/bmizerany/assert v0.0.0-20160611221934-b7ed37b82869 h1:DDGfHa7BWjL4YnC6+E63dPcxHo2sUxDIu8g3QgEJdRY=
github.com/bmizerany/assert v0.0.0-20160611221934-b7ed37b82869/go.mod h1:Ekp36dRnpXw/yCqJaO+ZrUyxD+3VXMFFr56k5XYrpB4=
github.com/chzyer/logex v1.1.10 h1:Swpa1K6QvQznwJRcfTfQJmTE72DqScAa40E+fbHEXEE=
github.com/chzyer/logex v1.1.10/go.mod h1:+Ywpsq7O8HXn0nuIou7OrIPyXbp3wmkHB+jjWRnGsAI=
github.com/chzyer/test v0.0.0-20180213035817-a1ea475d72b1 h1:q763qf9huN11kDQavWsoZXJNW3xEE4JJyHa5Q25/sd8=
github.com/chzyer/test v0.0.0-20180213035817-a1ea475d72b1/go.mod h1:Q3SI9o4m/ZMnBNeIyt5eFwwo7qiLfzFZmjNmxjkiQlU=
github.com/cockroachdb/apd v1.0.0 h1:OqNMDUen7Kua+c71SSr0h6kyUf0veBrDq3ORaCTv/UQ=
github.com/cockroachdb/apd v1.0.0/go.mod h1:8Sl8LxpKi29FqWXR16WEFZRNSz3SoPzUzeMeY4+DwBQ=
github.com/couchbase/go-couchbase v0.0.0-20180501122049-16db1f1fe037 h1:Dbz60fpCq04vRxVVVJLbQuL0G7pRt0Gyo2BkozFc4SQ=
github.com/couchbase/go-couchbase v0.0.0-20180501122049-16db1f1fe037/go.mod h1:TWI8EKQMs5u5jLKW/tsb9VwauIrMIxQG1r5fMsswK5U=
github.com/couchbase/go_n1ql v0.0.0-20160215142504-6cf4e348b127 h1:6Y3osD8rWOIAu/z5lrBns2cZSKSr6s+GEX64Ii0JtuI=
github.com/couchbase/go_n1ql v0.0.0-20160215142504-6cf4e348b127/go.mod h1:Rn19fO9CVfhJkqyIED9ixL5Kh5XuH7hXgDTxyfGY7hM=
github.com/couchbase/gomemcached v0.0.0-20180502221210-0da75df14530 h1:F8nmbiuX+gCz9xvWMi6Ak8HQntB4ATFXP46gaxifbp4=
github.com/couchbase/gomemcached v0.0.0-20180502221210-0da75df14530/go.mod h1:srVSlQLB8iXBVXHgnqemxUXqN6FCvClgCMPCsjBDR7c=
github.com/couchbase/goutils v0.0.0-20180530154633-e865a1461c8a h1:Y5XsLCEhtEI8qbD9RP3Qlv5FXdTDHxZM9UPUnMRgBp8=
github.com/couchbase/goutils v0.0.0-20180530154633-e865a1461c8a/go.mod h1:BQwMFlJzDjFDG3DJUdU0KORxn88UlsOULuxLExMh3Hs=
github.com/cznic/b v0.0.0-20180115125044-35e9bbe41f07 h1:UHFGPvSxX4C4YBApSPvmUfL8tTvWLj2ryqvT9K4Jcuk=
github.com/cznic/b v0.0.0-20180115125044-35e9bbe41f07/go.mod h1:URriBxXwVq5ijiJ12C7iIZqlA69nTlI+LgI6/pwftG8=
github.com/cznic/fileutil v0.0.0-20180108211300-6a051e75936f h1:7uSNgsgcarNk4oiN/nNkO0J7KAjlsF5Yv5Gf/tFdHas=
github.com/cznic/fileutil v0.0.0-20180108211300-6a051e75936f/go.mod h1:8S58EK26zhXSxzv7NQFpnliaOQsmDUxvoQO3rt154Vg=
github.com/cznic/internal v0.0.0-20170905175358-4747030f7cf2 h1:awMC34B84ytFodqjXrYHx79m3xJciAL2cuGZMwadhEo=
github.com/cznic/internal v0.0.0-20170905175358-4747030f7cf2/go.mod h1:olo7eAdKwJdXxb55TKGLiJ6xt1H0/tiiRCWKVLmtjY4=
github.com/cznic/lldb v1.1.0 h1:AIA+ham6TSJ+XkMe8imQ/g8KPzMUVWAwqUQQdtuMsHs=
github.com/cznic/lldb v1.1.0/go.mod h1:FIZVUmYUVhPwRiPzL8nD/mpFcJ/G7SSXjjXYG4uRI3A=
github.com/cznic/mathutil v0.0.0-20180504122225-ca4c9f2c1369 h1:XNT/Zf5l++1Pyg08/HV04ppB0gKxAqtZQBRYiYrUuYk=
github.com/cznic/mathutil v0.0.0-20180504122225-ca4c9f2c1369/go.mod h1:e6NPNENfs9mPDVNRekM7lKScauxd5kXTr1Mfyig6TDM=
github.com/cznic/ql v1.1.0 h1:/ByVHV7ADDnAVCNzYvJGBnCYF+YR16qGPX4Q+tBRK4c=
github.com/cznic/ql v1.1.0/go.mod h1:YhViR8X3dW5uRADlFXxbh3suMUVYoCeAdyhweCWukWk=
github.com/cznic/sortutil v0.0.0-20150617083342-4c7342852e65 h1:hxuZop6tSoOi0sxFzoGGYdRqNrPubyaIf9KoBG9tPiE=
github.com/cznic/sortutil v0.0.0-20150617083342-4c7342852e65/go.mod h1:q2w6Bg5jeox1B+QkJ6Wp/+Vn0G/bo3f1uY7Fn3vivIQ=
github.com/cznic/strutil v0.0.0-20171016134553-529a34b1c186 h1:0rkFMAbn5KBKNpJyHQ6Prb95vIKanmAe62KxsrN+sqA=
github.com/cznic/strutil v0.0.0-20171016134553-529a34b1c186/go.mod h1:AHHPPPXTw0h6pVabbcbyGRK1DckRn7r/STdZEeIDzZc=
github.com/cznic/zappy v0.0.0-20160723133515-2533cb5b45cc h1:YKKpTb2BrXN2GYyGaygIdis1vXbE7SSAG9axGWIMClg=
github.com/cznic/zappy v0.0.0-20160723133515-2533cb5b45cc/go.mod h1:Y1SNZ4dRUOKXshKUbwUapqNncRrho4mkjQebgEHZLj8=
github.com/danwakefield/fnmatch v0.0.0-20160403171240-cbb64ac3d964 h1:y5HC9v93H5EPKqaS1UYVg1uYah5Xf51mBfIoWehClUQ=
github.com/danwakefield/fnmatch v0.0.0-20160403171240-cbb64ac3d964/go.mod h1:Xd9hchkHSWYkEqJwUGisez3G1QY8Ryz0sdWrLPMGjLk=
github.com/davecgh/go-spew v1.1.0 h1:ZDRjVQ15GmhC3fiQ8ni8+OwkZQO4DARzQgrnXU1Liz8=
github.com/davecgh/go-spew v1.1.0/go.mod h1:J7Y8YcW2NihsgmVo/mv3lAwl/skON4iLHjSsI+c5H38=
github.com/denisenkom/go-mssqldb v0.0.0-20180601030418-c12642a8f788 h1:b5ZVB0qb4CgOHfLWFYvRPdDsLJ+VJHD8Hro7ED34OY4=
github.com/denisenkom/go-mssqldb v0.0.0-20180601030418-c12642a8f788/go.mod h1:xN/JuLBIz4bjkxNmByTiV1IbhfnYb6oo99phBn4Eqhc=
github.com/dlclark/regexp2 v1.1.6 h1:CqB4MjHw0MFCDj+PHHjiESmHX+N7t0tJzKvC6M97BRg=
github.com/dlclark/regexp2 v1.1.6/go.mod h1:2pZnwuY/m+8K6iRw6wQdMtk+rH5tNGR1i55kozfMjCc=
github.com/edsrzf/mmap-go v0.0.0-20170320065105-0bce6a688712 h1:aaQcKT9WumO6JEJcRyTqFVq4XUZiUcKR2/GI31TOcz8=
github.com/edsrzf/mmap-go v0.0.0-20170320065105-0bce6a688712/go.mod h1:YO35OhQPt3KJa3ryjFM5Bs14WD66h8eGKpfaBNrHW5M=
github.com/go-ole/go-ole v1.2.1 h1:2lOsA72HgjxAuMlKpFiCbHTvu44PIVkZ5hqm3RSdI/E=
github.com/go-ole/go-ole v1.2.1/go.mod h1:7FAglXiTm7HKlQRDeOQ6ZNUHidzCWXuZWq/1dTyBNF8=
github.com/go-sql-driver/mysql v1.4.0 h1:7LxgVwFb2hIQtMm87NdgAVfXjnt4OePseqT1tKx+opk=
github.com/go-sql-driver/mysql v1.4.0/go.mod h1:zAC/RDZ24gD3HViQzih4MyKcchzm+sOG5ZlKdlhCg5w=
github.com/gocql/gocql v0.0.0-20180602202147-651d6b1f343c h1:IztiGFiyUwH6xsxIWsyoAxSnmay4Qx6sUZPjE/CxYT4=
github.com/gocql/gocql v0.0.0-20180602202147-651d6b1f343c/go.mod h1:4Fw1eo5iaEhDUs8XyuhSVCVy52Jq3L+/3GJgYkwc+/0=
github.com/gohxs/readline v0.0.0-20171011095936-a780388e6e7c h1:yE35fKFwcelIte3q5q1/cPiY7pI7vvf5/j/0ddxNCKs=
github.com/gohxs/readline v0.0.0-20171011095936-a780388e6e7c/go.mod h1:9S/fKAutQ6wVHqm1jnp9D9sc5hu689s9AaTWFS92LaU=
github.com/golang/protobuf v1.3.1 h1:YF8+flBXS5eO826T4nzqPrxfhQThhXl0YzfuUPu4SBg=
github.com/golang/protobuf v1.3.1/go.mod h1:6lQm79b+lXiMfvg/cZm0SGofjICqVBUtrP5yJMmIC1U=
github.com/golang/snappy v0.0.0-20170215233205-553a64147049/go.mod h1:/XxbfmMg8lxefKM7IXC3fBNl/7bRcc72aCRzEWrmP2Q=
github.com/golang/snappy v0.0.0-20180518054509-2e65f85255db h1:woRePGFeVFfLKN/pOkfl+p/TAqKOfFu+7KPlMVpok/w=
github.com/golang/snappy v0.0.0-20180518054509-2e65f85255db/go.mod h1:/XxbfmMg8lxefKM7IXC3fBNl/7bRcc72aCRzEWrmP2Q=
github.com/google/go-cmp v0.2.0 h1:+dTQ8DZQJz0Mb/HjFlkptS1FeQ4cWSnN941F8aEG4SQ=
github.com/google/go-cmp v0.2.0/go.mod h1:oXzfMopK8JAjlY9xF4vHSVASa0yLyX7SntLO5aqRK0M=
github.com/hailocab/go-hostpool v0.0.0-20160125115350-e80d13ce29ed h1:5upAirOpQc1Q53c0bnx2ufif5kANL7bfZWcc6VJWJd8=
github.com/hailocab/go-hostpool v0.0.0-20160125115350-e80d13ce29ed/go.mod h1:tMWxXQ9wFIaZeTI9F+hmhFiGpFmhOHzyShyFUhRm0H4=
github.com/hashicorp/go-uuid v1.0.2 h1:cfejS+Tpcp13yd5nYHWDI6qVCny6wyX2Mt5SGur2IGE=
github.com/hashicorp/go-uuid v1.0.2/go.mod h1:6SBZvOh/SIDV7/2o3Jml5SYk/TvGqwFJ/bN7x4byOro=
github.com/jackc/fake v0.0.0-20150926172116-812a484cc733 h1:vr3AYkKovP8uR8AvSGGUK1IDqRa5lAAvEkZG1LKaCRc=
github.com/jackc/fake v0.0.0-20150926172116-812a484cc733/go.mod h1:WrMFNQdiFJ80sQsxDoMokWK1W5TQtxBFNpzWTD84ibQ=
github.com/jackc/pgx v0.0.0-20180517214546-870744921917 h1:K3PPVax8ho2PB0M0PB7PzL25/SogCiDi4x2H5NW6nXo=
github.com/jackc/pgx v0.0.0-20180517214546-870744921917/go.mod h1:0ZGrqGqkRlliWnWB4zKnWtjbSWbGkVEFm4TeybAXq+I=
github.com/jcmturner/gofork v1.0.0 h1:J7uCkflzTEhUZ64xqKnkDxq3kzc96ajM1Gli5ktUem8=
github.com/jcmturner/gofork v1.0.0/go.mod h1:MK8+TM0La+2rjBD4jE12Kj1pCCxK7d2LK/UM3ncEo0o=
github.com/kardianos/osext v0.0.0-20190222173326-2bc1f35cddc0 h1:iQTw/8FWTuc7uiaSepXwyf3o52HaUYcV+Tu66S3F5GA=
github.com/kardianos/osext v0.0.0-20190222173326-2bc1f35cddc0/go.mod h1:1NbS8ALrpOvjt0rHPNLyCIeMtbizbir8U//inJ+zuB8=
github.com/kr/pretty v0.1.0 h1:L/CwN0zerZDmRFUapSPitk6f+Q3+0za1rQkzVuMiMFI=
github.com/kr/pretty v0.1.0/go.mod h1:dAy3ld7l9f0ibDNOQOHHMYYIIbhfbHSm3C4ZsoJORNo=
github.com/kr/pty v1.1.1/go.mod h1:pFQYn66WHrOpPYNljwOMqo10TkYh1fy3cYio2l3bCsQ=
github.com/kr/text v0.1.0 h1:45sCR5RtlFHMR4UwH9sdQ5TC8v0qDQCHnXt+kaKSTVE=
github.com/kr/text v0.1.0/go.mod h1:4Jbv+DJW3UT/LiOwJeYQe1efqtUx/iVham/4vfdArNI=
github.com/kshvakov/clickhouse v1.3.3 h1:oT3ktCQcfr9bJz/Wftm0nSJtfYWwlf4YwHVxgBWa8Dg=
github.com/kshvakov/clickhouse v1.3.3/go.mod h1:DMzX7FxRymoNkVgizH0DWAL8Cur7wHLgx3MUnGwJqpE=
github.com/lib/pq v0.0.0-20180523175426-90697d60dd84 h1:it29sI2IM490luSc3RAhp5WuCYnc6RtbfLVAB7nmC5M=
github.com/lib/pq v0.0.0-20180523175426-90697d60dd84/go.mod h1:5WUZQaWbwv1U+lTReE5YruASi9Al49XbQIvNi/34Woo=
github.com/mattn/go-adodb v0.0.0-20180514035843-92645cc323df h1:4/ExmgyfMaCu57n+gxbJm0tHpg+W49ZabQ8vHdKZO38=
github.com/mattn/go-adodb v0.0.0-20180514035843-92645cc323df/go.mod h1:jaSTRde4bohMuQgYQPxW3xRTPtX/cZKyxPrFVseJULo=
github.com/mattn/go-isatty v0.0.3 h1:ns/ykhmWi7G9O+8a448SecJU3nSMBXJfqQkl0upE1jI=
github.com/mattn/go-isatty v0.0.3/go.mod h1:M+lRXTBqGeGNdLjl/ufCoiOlB5xdOkqRJdNxMWT7Zi4=
github.com/mattn/go-runewidth v0.0.2 h1:UnlwIPBGaTZfPQ6T1IGzPI0EkYAQmT9fAEJ/poFC63o=
github.com/mattn/go-runewidth v0.0.2/go.mod h1:LwmH8dsx7+W8Uxz3IHJYH5QSwggIsqBzpuz5H//U1FU=
github.com/mattn/go-sqlite3 v1.7.0 h1:CiYZ8slwBLIMkDbDJCF+Zd2M8bZ1Gz02TMsm1V33Lk0=
github.com/mattn/go-sqlite3 v1.7.0/go.mod h1:FPy6KqzDD04eiIsT53CuJW3U88zkxoIYsOqkbpncsNc=
github.com/nakagami/firebirdsql v0.9.1 h1:k5eQ2xPSsnK2zcIPlj79Cq1NQGnF1yjUC72witkYgJY=
github.com/nakagami/firebirdsql v0.9.1/go.mod h1:ZD4YdgRcMB+FW7l/9oVwSITQyDcJIr4UyrMxnQErg2U=
github.com/olekukonko/tablewriter v0.0.0-20180506121414-d4647c9c7a84 h1:fiKJgB4JDUd43CApkmCeTSQlWjtTtABrU2qsgbuP0BI=
github.com/olekukonko/tablewriter v0.0.0-20180506121414-d4647c9c7a84/go.mod h1:vsDQFd/mU46D+Z4whnwzcISnGGzXWMclvtLoiIKAKIo=
github.com/pkg/errors v0.9.1 h1:FEBLx1zS214owpjy7qsBeixbURkuhQAwrK5UwLGTwt4=
github.com/pkg/errors v0.9.1/go.mod h1:bwawxfHBFNV+L2hUp1rHADufV3IMtnDRdf1r5NINEl0=
github.com/pmezard/go-difflib v1.0.0 h1:4DBwDE0NGyQoBHbLQYPwSUPoCMWR5BEzIk/f1lZbAQM=
github.com/pmezard/go-difflib v1.0.0/go.mod h1:iKH77koFhYxTK1pcRnkKkqfTogsbg7gZNVY4sRDYZ/4=
github.com/prestodb/presto-go-client v0.0.0-20180604210701-a80ce5f9dc7f h1:p3eoIm5CmFzAB32z8roCNku4Uvdo7tJtIgScOEJCVg4=
github.com/prestodb/presto-go-client v0.0.0-20180604210701-a80ce5f9dc7f/go.mod h1:psTrT5qzpQmYNpaWiyurHCiVTLMYYpAd5o0YQAJWpQg=
github.com/remyoudompheng/bigfft v0.0.0-20200410134404-eec4a21b6bb0 h1:OdAsTTz6OkFY5QxjkYwrChwuRruF69c169dPK26NUlk=
github.com/remyoudompheng/bigfft v0.0.0-20200410134404-eec4a21b6bb0/go.mod h1:qqbHyh8v60DhA7CoWK5oRCqLrMHRGoxYCSS9EjAz6Eo=
github.com/satori/go.uuid v1.2.0 h1:0uYX9dsZ2yD7q2RtLRtPSdGDWzjeM3TbMJP9utgA0ww=
github.com/satori/go.uuid v1.2.0/go.mod h1:dA0hQrYB0VpLJoorglMZABFdXlWrHn1NEOzdhQKdks0=
github.com/sergi/go-diff v1.0.0 h1:Kpca3qRNrduNnOQeazBd0ysaKrUJiIuISHxogkT9RPQ=
github.com/sergi/go-diff v1.0.0/go.mod h1:0CfEIISq7TuYL3j771MWULgwwjU+GofnZX9QAmXWZgo=
github.com/shopspring/decimal v1.2.0 h1:abSATXmQEYyShuxI4/vyW3tV1MrKAJzCZ/0zLUXYbsQ=
github.com/shopspring/decimal v1.2.0/go.mod h1:DKyhrW/HYNuLGql+MJL6WCR6knT2jwCFRcu2hWCYk4o=
github.com/spaolacci/murmur3 v0.0.0-20180118202830-f09979ecbc72 h1:qLC7fQah7D6K1B0ujays3HV9gkFtllcxhzImRR7ArPQ=
github.com/spaolacci/murmur3 v0.0.0-20180118202830-f09979ecbc72/go.mod h1:JwIasOWyU6f++ZhiEuf87xNszmSA2myDM2Kzu9HwQUA=
github.com/stretchr/objx v0.1.0/go.mod h1:HFkY916IF+rwdDfMAkV7OtwuqBVzrE8GR6GFx+wExME=
github.com/stretchr/testify v1.7.0 h1:nwc3DEeHmmLAfoZucVR881uASk0Mfjw8xYJ99tb5CcY=
github.com/stretchr/testify v1.7.0/go.mod h1:6Fq8oRcR53rry900zMqJjRRixrwX3KX962/h/Wwjteg=
github.com/xinsnake/go-http-digest-auth-client v0.4.0 h1:tTaEBUSDiMi7RDIuj0fy/pszIub8g2DmLjTelB3/3Tk=
github.com/xinsnake/go-http-digest-auth-client v0.4.0/go.mod h1:QK1t1v7ylyGb363vGWu+6Irh7gyFj+N7+UZzM0L6g8I=
github.com/xo/dburl v0.0.0-20180608031107-f8c03f113950 h1:WkvB2jvefjcAB4FVvh5Z8l5X5lKKDcADjeMrvEHpS8M=
github.com/xo/dburl v0.0.0-20180608031107-f8c03f113950/go.mod h1:g6rdekR8vgfVZrkLWfobLTm0kVez7GAN23mWtkGCJ14=
github.com/xo/terminfo v0.0.0-20180401022757-20ea4ff360f0 h1:dJQ9O/WABSURKJhrc+CoU6EF77GfXAW4t9B4r4mHJ5U=
github.com/xo/terminfo v0.0.0-20180401022757-20ea4ff360f0/go.mod h1:6Yhx5ZJl5942QrNRWLwITArVT9okUXc5c3brgWJMoDc=
github.com/xo/xoutil v0.0.0-20171112033149-46189f4026a5 h1:3ANIpg9VQB91yCAyY+5dobfm30xQNOG3sCjPoPQo5i8=
github.com/xo/xoutil v0.0.0-20171112033149-46189f4026a5/go.mod h1:GngMELAA694UVFs172352HAA2KQEf4XuETgWmL4XSoY=
github.com/zaf/temp v0.0.0-20170209143821-94e385923345 h1:YirhcaVb0RNq54Vh/50S0MPEbr9b4tjZVXvoeeKoYyc=
github.com/zaf/temp v0.0.0-20170209143821-94e385923345/go.mod h1:sXsZgXwh6DB0qlskmZVB4HE93e5YrktMrgUDPy9iYmY=
github.com/ziutek/mymysql v1.5.4 h1:GB0qdRGsTwQSBVYuVShFBKaXSnSnYYC2d9knnE1LHFs=
github.com/ziutek/mymysql v1.5.4/go.mod h1:LMSpPZ6DbqWFxNCHW77HeMg9I646SAhApZ/wKdgO/C0=
gitlab.com/nyarla/go-crypt v0.0.0-20160106005555-d9a5dc2b789b h1:7gd+rd8P3bqcn/96gOZa3F5dpJr/vEiDQYlNb/y2uNs=
gitlab.com/nyarla/go-crypt v0.0.0-20160106005555-d9a5dc2b789b/go.mod h1:T3BPAOm2cqquPa0MKWeNkmOM5RQsRhkrwMWonFMN7fE=
golang.org/x/crypto v0.0.0-20190308221718-c2843e01d9a2 h1:VklqNMn3ovrHsnt90PveolxSbWFaJdECFbxSq0Mqo2M=
golang.org/x/crypto v0.0.0-20190308221718-c2843e01d9a2/go.mod h1:djNgcEr1/C05ACkg1iLfiJU5Ep61QUkGW8qpdssI0+w=
golang.org/x/net v0.0.0-20190603091049-60506f45cf65 h1:+rhAzEzT3f4JtomfC371qB+0Ola2caSKcY69NUBZrRQ=
golang.org/x/net v0.0.0-20190603091049-60506f45cf65/go.mod h1:HSz+uSET+XFnRR8LxR5pz3Of3rY3CfYBVs4xY44aLks=
golang.org/x/sync v0.0.0-20180314180146-1d60e4601c6f h1:wMNYb4v58l5UBM7MYRLPG6ZhfOqbKu7X5eyFl8ZhKvA=
golang.org/x/sync v0.0.0-20180314180146-1d60e4601c6f/go.mod h1:RxMgew5VJxzue5/jJTE5uejpjVlOe/izrB70Jof72aM=
golang.org/x/sys v0.0.0-20190215142949-d0b11bdaac8a h1:1BGLXjeY4akVXGgbC9HugT3Jv3hCI0z56oJR5vAMgBU=
golang.org/x/sys v0.0.0-20190215142949-d0b11bdaac8a/go.mod h1:STP8DvDyc/dI5b8T5hshtkjS+E42TnysNCUPdjciGhY=
golang.org/x/text v0.3.0/go.mod h1:NqM8EUOU14njkJ3fqMW+pc6Ldnwhi/IjpwHt7yyuwOQ=
golang.org/x/text v0.3.2/go.mod h1:bEr9sfX3Q8Zfm5fL9x+3itogRgK3+ptLWKqgva+5dAk=
golang.org/x/text v0.3.5 h1:i6eZZ+zk0SOf0xgBpEpPD18qWcJda6q1sxt3S0kzyUQ=
golang.org/x/text v0.3.5/go.mod h1:5Zoc/QRtKVWzQhOtBMvqHzDpF6irO9z98xDceosuGiQ=
golang.org/x/tools v0.0.0-20180917221912-90fa682c2a6e/go.mod h1:n7NCudcB/nEzxVGmLbDWY5pfWTLqBcC2KZ6jyYvM4mQ=
google.golang.org/appengine v1.6.7 h1:FZR1q0exgwxzPzp/aF+VccGrSfxfPpkBqjIIEq3ru6c=
google.golang.org/appengine v1.6.7/go.mod h1:8WjMMxjGQR8xUklV/ARdw2HLXBOI7O7uCIDZVag1xfc=
gopkg.in/check.v1 v0.0.0-20161208181325-20d25e280405/go.mod h1:Co6ibVJAznAaIkqp8huTwlJQCZ016jof/cbN4VW5Yz0=
gopkg.in/check.v1 v1.0.0-20161208181325-20d25e280405 h1:829vOVxxusYHC+IqBtkX5mbKtsY9fheQiQn0MZRVLfQ=
gopkg.in/check.v1 v1.0.0-20161208181325-20d25e280405/go.mod h1:Co6ibVJAznAaIkqp8huTwlJQCZ016jof/cbN4VW5Yz0=
gopkg.in/inf.v0 v0.9.1 h1:73M5CoZyi3ZLMOyDlQh031Cx6N9NDJ2Vvfl76EDAgDc=
gopkg.in/inf.v0 v0.9.1/go.mod h1:cWUDdTG/fYaXco+Dcufb5Vnc6Gp2YChqWtbxRZE0mXw=
gopkg.in/jcmturner/aescts.v1 v1.0.1 h1:cVVZBK2b1zY26haWB4vbBiZrfFQnfbTVrE3xZq6hrEw=
gopkg.in/jcmturner/aescts.v1 v1.0.1/go.mod h1:nsR8qBOg+OucoIW+WMhB3GspUQXq9XorLnQb9XtvcOo=
gopkg.in/jcmturner/dnsutils.v1 v1.0.1 h1:cIuC1OLRGZrld+16ZJvvZxVJeKPsvd5eUIvxfoN5hSM=
gopkg.in/jcmturner/dnsutils.v1 v1.0.1/go.mod h1:m3v+5svpVOhtFAP/wSz+yzh4Mc0Fg7eRhxkJMWSIz9Q=
gopkg.in/jcmturner/goidentity.v1 v1.0.0 h1:7kY3uO66MtSmeyAp5emg18G2lQizvjiKC8ybcXMX6Bo=
gopkg.in/jcmturner/goidentity.v1 v1.0.0/go.mod h1:FEYeMKlffrlmNAUgh3Dr36tTi2RisrhBD0kHowoOHLQ=
gopkg.in/jcmturner/gokrb5.v4 v4.1.2 h1:Dm+XcmE74oJ3Z3HmMPLc6ccbqadmDqgZFn1xlqkEoAo=
gopkg.in/jcmturner/gokrb5.v4 v4.1.2/go.mod h1:R1rCvft4tJvjDDk9EnoeePiAMMMJ4NZRNDvq5AQZacU=
gopkg.in/rana/ora.v4 v4.1.15 h1:2Htj9lqo8iF48vkb/oTDd2a/vlxTnSIUsRaIh0LpZZ8=
gopkg.in/rana/ora.v4 v4.1.15/go.mod h1:xT5RjI4P4KAOzMyDWeyleSX0ebU2+QXiQaoarWWy8Tw=
gopkg.in/yaml.v3 v3.0.0-20200313102051-9f266ea9e77c h1:dUUwHk2QECo/6vqA44rthZ8ie2QXMNeKRTHCNY2nXvo=
gopkg.in/yaml.v3 v3.0.0-20200313102051-9f266ea9e77c/go.mod h1:K4uyk7z7BCEPqu6E+C64Yfv1cQ7kz7rIZviUmN+EgEM=
modernc.org/mathutil v1.2.2 h1:+yFk8hBprV+4c0U9GjFtL+dV3N8hOJ8JCituQcMShFY=
modernc.org/mathutil v1.2.2/go.mod h1:mZW8CKdRPY1v87qxC/wUdX5O1qDzXMP5TH3wjfpga6E=
